// !$*UTF8*$!
{
	archiveVersion = 1;
	classes = {
	};
	objectVersion = 46;
	objects = {

/* Begin PBXBuildFile section */
		2CE2C02A18D25D1D0048D178 /* Foundation.framework in Frameworks */ = {isa = PBXBuildFile; fileRef = 2CE2C02918D25D1D0048D178 /* Foundation.framework */; };
		2CE2C02C18D25D1D0048D178 /* CoreGraphics.framework in Frameworks */ = {isa = PBXBuildFile; fileRef = 2CE2C02B18D25D1D0048D178 /* CoreGraphics.framework */; };
		2CE2C02E18D25D1D0048D178 /* UIKit.framework in Frameworks */ = {isa = PBXBuildFile; fileRef = 2CE2C02D18D25D1D0048D178 /* UIKit.framework */; };
		2CE2C03418D25D1D0048D178 /* InfoPlist.strings in Resources */ = {isa = PBXBuildFile; fileRef = 2CE2C03218D25D1D0048D178 /* InfoPlist.strings */; };
		2CE2C03618D25D1D0048D178 /* main.m in Sources */ = {isa = PBXBuildFile; fileRef = 2CE2C03518D25D1D0048D178 /* main.m */; };
		2CE2C03A18D25D1D0048D178 /* XYZAppDelegate.m in Sources */ = {isa = PBXBuildFile; fileRef = 2CE2C03918D25D1D0048D178 /* XYZAppDelegate.m */; };
		2CE2C03D18D25D1D0048D178 /* Main.storyboard in Resources */ = {isa = PBXBuildFile; fileRef = 2CE2C03B18D25D1D0048D178 /* Main.storyboard */; };
		2CE2C04018D25D1D0048D178 /* XYZViewController.m in Sources */ = {isa = PBXBuildFile; fileRef = 2CE2C03F18D25D1D0048D178 /* XYZViewController.m */; };
		2CE2C04218D25D1D0048D178 /* Images.xcassets in Resources */ = {isa = PBXBuildFile; fileRef = 2CE2C04118D25D1D0048D178 /* Images.xcassets */; };
		2CE2C04918D25D1D0048D178 /* XCTest.framework in Frameworks */ = {isa = PBXBuildFile; fileRef = 2CE2C04818D25D1D0048D178 /* XCTest.framework */; };
		2CE2C04A18D25D1D0048D178 /* Foundation.framework in Frameworks */ = {isa = PBXBuildFile; fileRef = 2CE2C02918D25D1D0048D178 /* Foundation.framework */; };
		2CE2C04B18D25D1D0048D178 /* UIKit.framework in Frameworks */ = {isa = PBXBuildFile; fileRef = 2CE2C02D18D25D1D0048D178 /* UIKit.framework */; };
		2CE2C05318D25D1D0048D178 /* InfoPlist.strings in Resources */ = {isa = PBXBuildFile; fileRef = 2CE2C05118D25D1D0048D178 /* InfoPlist.strings */; };
		2CE2C05518D25D1D0048D178 /* pongTests.m in Sources */ = {isa = PBXBuildFile; fileRef = 2CE2C05418D25D1D0048D178 /* pongTests.m */; };
		2CE2C06618D25D4B0048D178 /* background.png in Resources */ = {isa = PBXBuildFile; fileRef = 2CE2C05E18D25D4B0048D178 /* background.png */; };
		2CE2C06718D25D4B0048D178 /* ball.jpg in Resources */ = {isa = PBXBuildFile; fileRef = 2CE2C05F18D25D4B0048D178 /* ball.jpg */; };
		2CE2C06D18D25D4B0048D178 /* paddle.jpg in Resources */ = {isa = PBXBuildFile; fileRef = 2CE2C06518D25D4B0048D178 /* paddle.jpg */; };
		2CE2C07318D2641C0048D178 /* Games.m in Sources */ = {isa = PBXBuildFile; fileRef = 2CE2C07218D2641C0048D178 /* Games.m */; };
		2CE2C07A18D26FEE0048D178 /* splash1.bmp in Resources */ = {isa = PBXBuildFile; fileRef = 2CE2C07418D26FEE0048D178 /* splash1.bmp */; };
		2CE2C07B18D26FEE0048D178 /* splash2.png in Resources */ = {isa = PBXBuildFile; fileRef = 2CE2C07518D26FEE0048D178 /* splash2.png */; };
		2CE2C07C18D26FEE0048D178 /* splash3.png in Resources */ = {isa = PBXBuildFile; fileRef = 2CE2C07618D26FEE0048D178 /* splash3.png */; };
		2CE2C07D18D26FEE0048D178 /* splash4.png in Resources */ = {isa = PBXBuildFile; fileRef = 2CE2C07718D26FEE0048D178 /* splash4.png */; };
		2CE2C07E18D26FEE0048D178 /* splash5.bmp in Resources */ = {isa = PBXBuildFile; fileRef = 2CE2C07818D26FEE0048D178 /* splash5.bmp */; };
		2CE2C07F18D26FEE0048D178 /* splash6.png in Resources */ = {isa = PBXBuildFile; fileRef = 2CE2C07918D26FEE0048D178 /* splash6.png */; };
/* End PBXBuildFile section */

/* Begin PBXContainerItemProxy section */
		2CE2C04C18D25D1D0048D178 /* PBXContainerItemProxy */ = {
			isa = PBXContainerItemProxy;
			containerPortal = 2CE2C01E18D25D1D0048D178 /* Project object */;
			proxyType = 1;
			remoteGlobalIDString = 2CE2C02518D25D1D0048D178;
			remoteInfo = pong;
		};
/* End PBXContainerItemProxy section */

/* Begin PBXFileReference section */
		2CE2C02618D25D1D0048D178 /* pong.app */ = {isa = PBXFileReference; explicitFileType = wrapper.application; includeInIndex = 0; path = pong.app; sourceTree = BUILT_PRODUCTS_DIR; };
		2CE2C02918D25D1D0048D178 /* Foundation.framework */ = {isa = PBXFileReference; lastKnownFileType = wrapper.framework; name = Foundation.framework; path = System/Library/Frameworks/Foundation.framework; sourceTree = SDKROOT; };
		2CE2C02B18D25D1D0048D178 /* CoreGraphics.framework */ = {isa = PBXFileReference; lastKnownFileType = wrapper.framework; name = CoreGraphics.framework; path = System/Library/Frameworks/CoreGraphics.framework; sourceTree = SDKROOT; };
		2CE2C02D18D25D1D0048D178 /* UIKit.framework */ = {isa = PBXFileReference; lastKnownFileType = wrapper.framework; name = UIKit.framework; path = System/Library/Frameworks/UIKit.framework; sourceTree = SDKROOT; };
		2CE2C03118D25D1D0048D178 /* pong-Info.plist */ = {isa = PBXFileReference; lastKnownFileType = text.plist.xml; path = "pong-Info.plist"; sourceTree = "<group>"; };
		2CE2C03318D25D1D0048D178 /* en */ = {isa = PBXFileReference; lastKnownFileType = text.plist.strings; name = en; path = en.lproj/InfoPlist.strings; sourceTree = "<group>"; };
		2CE2C03518D25D1D0048D178 /* main.m */ = {isa = PBXFileReference; lastKnownFileType = sourcecode.c.objc; path = main.m; sourceTree = "<group>"; };
		2CE2C03718D25D1D0048D178 /* pong-Prefix.pch */ = {isa = PBXFileReference; lastKnownFileType = sourcecode.c.h; path = "pong-Prefix.pch"; sourceTree = "<group>"; };
		2CE2C03818D25D1D0048D178 /* XYZAppDelegate.h */ = {isa = PBXFileReference; lastKnownFileType = sourcecode.c.h; path = XYZAppDelegate.h; sourceTree = "<group>"; };
		2CE2C03918D25D1D0048D178 /* XYZAppDelegate.m */ = {isa = PBXFileReference; lastKnownFileType = sourcecode.c.objc; path = XYZAppDelegate.m; sourceTree = "<group>"; };
		2CE2C03C18D25D1D0048D178 /* Base */ = {isa = PBXFileReference; lastKnownFileType = file.storyboard; name = Base; path = Base.lproj/Main.storyboard; sourceTree = "<group>"; };
		2CE2C03E18D25D1D0048D178 /* XYZViewController.h */ = {isa = PBXFileReference; lastKnownFileType = sourcecode.c.h; path = XYZViewController.h; sourceTree = "<group>"; };
		2CE2C03F18D25D1D0048D178 /* XYZViewController.m */ = {isa = PBXFileReference; lastKnownFileType = sourcecode.c.objc; path = XYZViewController.m; sourceTree = "<group>"; };
		2CE2C04118D25D1D0048D178 /* Images.xcassets */ = {isa = PBXFileReference; lastKnownFileType = folder.assetcatalog; path = Images.xcassets; sourceTree = "<group>"; };
		2CE2C04718D25D1D0048D178 /* pongTests.xctest */ = {isa = PBXFileReference; explicitFileType = wrapper.cfbundle; includeInIndex = 0; path = pongTests.xctest; sourceTree = BUILT_PRODUCTS_DIR; };
		2CE2C04818D25D1D0048D178 /* XCTest.framework */ = {isa = PBXFileReference; lastKnownFileType = wrapper.framework; name = XCTest.framework; path = Library/Frameworks/XCTest.framework; sourceTree = DEVELOPER_DIR; };
		2CE2C05018D25D1D0048D178 /* pongTests-Info.plist */ = {isa = PBXFileReference; lastKnownFileType = text.plist.xml; path = "pongTests-Info.plist"; sourceTree = "<group>"; };
		2CE2C05218D25D1D0048D178 /* en */ = {isa = PBXFileReference; lastKnownFileType = text.plist.strings; name = en; path = en.lproj/InfoPlist.strings; sourceTree = "<group>"; };
		2CE2C05418D25D1D0048D178 /* pongTests.m */ = {isa = PBXFileReference; lastKnownFileType = sourcecode.c.objc; path = pongTests.m; sourceTree = "<group>"; };
		2CE2C05E18D25D4B0048D178 /* background.png */ = {isa = PBXFileReference; lastKnownFileType = image.png; path = background.png; sourceTree = "<group>"; };
		2CE2C05F18D25D4B0048D178 /* ball.jpg */ = {isa = PBXFileReference; lastKnownFileType = image.jpeg; path = ball.jpg; sourceTree = "<group>"; };
		2CE2C06518D25D4B0048D178 /* paddle.jpg */ = {isa = PBXFileReference; lastKnownFileType = image.jpeg; path = paddle.jpg; sourceTree = "<group>"; };
		2CE2C07118D2641C0048D178 /* Games.h */ = {isa = PBXFileReference; fileEncoding = 4; lastKnownFileType = sourcecode.c.h; name = Games.h; path = ../Games.h; sourceTree = "<group>"; };
		2CE2C07218D2641C0048D178 /* Games.m */ = {isa = PBXFileReference; fileEncoding = 4; lastKnownFileType = sourcecode.c.objc; name = Games.m; path = ../Games.m; sourceTree = "<group>"; };
		2CE2C07418D26FEE0048D178 /* splash1.bmp */ = {isa = PBXFileReference; lastKnownFileType = image.bmp; path = splash1.bmp; sourceTree = "<group>"; };
		2CE2C07518D26FEE0048D178 /* splash2.png */ = {isa = PBXFileReference; lastKnownFileType = image.png; path = splash2.png; sourceTree = "<group>"; };
		2CE2C07618D26FEE0048D178 /* splash3.png */ = {isa = PBXFileReference; lastKnownFileType = image.png; path = splash3.png; sourceTree = "<group>"; };
		2CE2C07718D26FEE0048D178 /* splash4.png */ = {isa = PBXFileReference; lastKnownFileType = image.png; path = splash4.png; sourceTree = "<group>"; };
		2CE2C07818D26FEE0048D178 /* splash5.bmp */ = {isa = PBXFileReference; lastKnownFileType = image.bmp; path = splash5.bmp; sourceTree = "<group>"; };
		2CE2C07918D26FEE0048D178 /* splash6.png */ = {isa = PBXFileReference; lastKnownFileType = image.png; path = splash6.png; sourceTree = "<group>"; };
/* End PBXFileReference section */

/* Begin PBXFrameworksBuildPhase section */
		2CE2C02318D25D1D0048D178 /* Frameworks */ = {
			isa = PBXFrameworksBuildPhase;
			buildActionMask = 2147483647;
			files = (
				2CE2C02C18D25D1D0048D178 /* CoreGraphics.framework in Frameworks */,
				2CE2C02E18D25D1D0048D178 /* UIKit.framework in Frameworks */,
				2CE2C02A18D25D1D0048D178 /* Foundation.framework in Frameworks */,
			);
			runOnlyForDeploymentPostprocessing = 0;
		};
		2CE2C04418D25D1D0048D178 /* Frameworks */ = {
			isa = PBXFrameworksBuildPhase;
			buildActionMask = 2147483647;
			files = (
				2CE2C04918D25D1D0048D178 /* XCTest.framework in Frameworks */,
				2CE2C04B18D25D1D0048D178 /* UIKit.framework in Frameworks */,
				2CE2C04A18D25D1D0048D178 /* Foundation.framework in Frameworks */,
			);
			runOnlyForDeploymentPostprocessing = 0;
		};
/* End PBXFrameworksBuildPhase section */

/* Begin PBXGroup section */
		2CE2C01D18D25D1D0048D178 = {
			isa = PBXGroup;
			children = (
				2CE2C02F18D25D1D0048D178 /* pong */,
				2CE2C04E18D25D1D0048D178 /* pongTests */,
				2CE2C02818D25D1D0048D178 /* Frameworks */,
				2CE2C02718D25D1D0048D178 /* Products */,
			);
			sourceTree = "<group>";
		};
		2CE2C02718D25D1D0048D178 /* Products */ = {
			isa = PBXGroup;
			children = (
				2CE2C02618D25D1D0048D178 /* pong.app */,
				2CE2C04718D25D1D0048D178 /* pongTests.xctest */,
			);
			name = Products;
			sourceTree = "<group>";
		};
		2CE2C02818D25D1D0048D178 /* Frameworks */ = {
			isa = PBXGroup;
			children = (
				2CE2C02918D25D1D0048D178 /* Foundation.framework */,
				2CE2C02B18D25D1D0048D178 /* CoreGraphics.framework */,
				2CE2C02D18D25D1D0048D178 /* UIKit.framework */,
				2CE2C04818D25D1D0048D178 /* XCTest.framework */,
			);
			name = Frameworks;
			sourceTree = "<group>";
		};
		2CE2C02F18D25D1D0048D178 /* pong */ = {
			isa = PBXGroup;
			children = (
				2CE2C03818D25D1D0048D178 /* XYZAppDelegate.h */,
				2CE2C03918D25D1D0048D178 /* XYZAppDelegate.m */,
				2CE2C03B18D25D1D0048D178 /* Main.storyboard */,
				2CE2C03E18D25D1D0048D178 /* XYZViewController.h */,
				2CE2C03F18D25D1D0048D178 /* XYZViewController.m */,
				2CE2C07118D2641C0048D178 /* Games.h */,
				2CE2C07218D2641C0048D178 /* Games.m */,
				2CE2C04118D25D1D0048D178 /* Images.xcassets */,
				2CE2C03018D25D1D0048D178 /* Supporting Files */,
			);
			path = pong;
			sourceTree = "<group>";
		};
		2CE2C03018D25D1D0048D178 /* Supporting Files */ = {
			isa = PBXGroup;
			children = (
				2CE2C07418D26FEE0048D178 /* splash1.bmp */,
				2CE2C07518D26FEE0048D178 /* splash2.png */,
				2CE2C07618D26FEE0048D178 /* splash3.png */,
				2CE2C07718D26FEE0048D178 /* splash4.png */,
				2CE2C07818D26FEE0048D178 /* splash5.bmp */,
				2CE2C07918D26FEE0048D178 /* splash6.png */,
				2CE2C05E18D25D4B0048D178 /* background.png */,
				2CE2C05F18D25D4B0048D178 /* ball.jpg */,
				2CE2C06518D25D4B0048D178 /* paddle.jpg */,
				2CE2C03118D25D1D0048D178 /* pong-Info.plist */,
				2CE2C03218D25D1D0048D178 /* InfoPlist.strings */,
				2CE2C03518D25D1D0048D178 /* main.m */,
				2CE2C03718D25D1D0048D178 /* pong-Prefix.pch */,
			);
			name = "Supporting Files";
			sourceTree = "<group>";
		};
		2CE2C04E18D25D1D0048D178 /* pongTests */ = {
			isa = PBXGroup;
			children = (
				2CE2C05418D25D1D0048D178 /* pongTests.m */,
				2CE2C04F18D25D1D0048D178 /* Supporting Files */,
			);
			path = pongTests;
			sourceTree = "<group>";
		};
		2CE2C04F18D25D1D0048D178 /* Supporting Files */ = {
			isa = PBXGroup;
			children = (
				2CE2C05018D25D1D0048D178 /* pongTests-Info.plist */,
				2CE2C05118D25D1D0048D178 /* InfoPlist.strings */,
			);
			name = "Supporting Files";
			sourceTree = "<group>";
		};
/* End PBXGroup section */

/* Begin PBXNativeTarget section */
		2CE2C02518D25D1D0048D178 /* pong */ = {
			isa = PBXNativeTarget;
			buildConfigurationList = 2CE2C05818D25D1D0048D178 /* Build configuration list for PBXNativeTarget "pong" */;
			buildPhases = (
				2CE2C02218D25D1D0048D178 /* Sources */,
				2CE2C02318D25D1D0048D178 /* Frameworks */,
				2CE2C02418D25D1D0048D178 /* Resources */,
			);
			buildRules = (
			);
			dependencies = (
			);
			name = pong;
			productName = pong;
			productReference = 2CE2C02618D25D1D0048D178 /* pong.app */;
			productType = "com.apple.product-type.application";
		};
		2CE2C04618D25D1D0048D178 /* pongTests */ = {
			isa = PBXNativeTarget;
			buildConfigurationList = 2CE2C05B18D25D1D0048D178 /* Build configuration list for PBXNativeTarget "pongTests" */;
			buildPhases = (
				2CE2C04318D25D1D0048D178 /* Sources */,
				2CE2C04418D25D1D0048D178 /* Frameworks */,
				2CE2C04518D25D1D0048D178 /* Resources */,
			);
			buildRules = (
			);
			dependencies = (
				2CE2C04D18D25D1D0048D178 /* PBXTargetDependency */,
			);
			name = pongTests;
			productName = pongTests;
			productReference = 2CE2C04718D25D1D0048D178 /* pongTests.xctest */;
			productType = "com.apple.product-type.bundle.unit-test";
		};
/* End PBXNativeTarget section */

/* Begin PBXProject section */
		2CE2C01E18D25D1D0048D178 /* Project object */ = {
			isa = PBXProject;
			attributes = {
				CLASSPREFIX = XYZ;
				LastUpgradeCheck = 0510;
				ORGANIZATIONNAME = "Me inc.";
				TargetAttributes = {
					2CE2C04618D25D1D0048D178 = {
						TestTargetID = 2CE2C02518D25D1D0048D178;
					};
				};
			};
			buildConfigurationList = 2CE2C02118D25D1D0048D178 /* Build configuration list for PBXProject "pong" */;
			compatibilityVersion = "Xcode 3.2";
			developmentRegion = English;
			hasScannedForEncodings = 0;
			knownRegions = (
				en,
				Base,
			);
			mainGroup = 2CE2C01D18D25D1D0048D178;
			productRefGroup = 2CE2C02718D25D1D0048D178 /* Products */;
			projectDirPath = "";
			projectRoot = "";
			targets = (
				2CE2C02518D25D1D0048D178 /* pong */,
				2CE2C04618D25D1D0048D178 /* pongTests */,
			);
		};
/* End PBXProject section */

/* Begin PBXResourcesBuildPhase section */
		2CE2C02418D25D1D0048D178 /* Resources */ = {
			isa = PBXResourcesBuildPhase;
			buildActionMask = 2147483647;
			files = (
				2CE2C07E18D26FEE0048D178 /* splash5.bmp in Resources */,
				2CE2C07C18D26FEE0048D178 /* splash3.png in Resources */,
				2CE2C04218D25D1D0048D178 /* Images.xcassets in Resources */,
				2CE2C07F18D26FEE0048D178 /* splash6.png in Resources */,
				2CE2C07A18D26FEE0048D178 /* splash1.bmp in Resources */,
				2CE2C06718D25D4B0048D178 /* ball.jpg in Resources */,
				2CE2C07B18D26FEE0048D178 /* splash2.png in Resources */,
				2CE2C06D18D25D4B0048D178 /* paddle.jpg in Resources */,
				2CE2C06618D25D4B0048D178 /* background.png in Resources */,
				2CE2C03418D25D1D0048D178 /* InfoPlist.strings in Resources */,
				2CE2C03D18D25D1D0048D178 /* Main.storyboard in Resources */,
				2CE2C07D18D26FEE0048D178 /* splash4.png in Resources */,
			);
			runOnlyForDeploymentPostprocessing = 0;
		};
		2CE2C04518D25D1D0048D178 /* Resources */ = {
			isa = PBXResourcesBuildPhase;
			buildActionMask = 2147483647;
			files = (
				2CE2C05318D25D1D0048D178 /* InfoPlist.strings in Resources */,
			);
			runOnlyForDeploymentPostprocessing = 0;
		};
/* End PBXResourcesBuildPhase section */

/* Begin PBXSourcesBuildPhase section */
		2CE2C02218D25D1D0048D178 /* Sources */ = {
			isa = PBXSourcesBuildPhase;
			buildActionMask = 2147483647;
			files = (
				2CE2C04018D25D1D0048D178 /* XYZViewController.m in Sources */,
				2CE2C03A18D25D1D0048D178 /* XYZAppDelegate.m in Sources */,
				2CE2C03618D25D1D0048D178 /* main.m in Sources */,
				2CE2C07318D2641C0048D178 /* Games.m in Sources */,
			);
			runOnlyForDeploymentPostprocessing = 0;
		};
		2CE2C04318D25D1D0048D178 /* Sources */ = {
			isa = PBXSourcesBuildPhase;
			buildActionMask = 2147483647;
			files = (
				2CE2C05518D25D1D0048D178 /* pongTests.m in Sources */,
			);
			runOnlyForDeploymentPostprocessing = 0;
		};
/* End PBXSourcesBuildPhase section */

/* Begin PBXTargetDependency section */
		2CE2C04D18D25D1D0048D178 /* PBXTargetDependency */ = {
			isa = PBXTargetDependency;
			target = 2CE2C02518D25D1D0048D178 /* pong */;
			targetProxy = 2CE2C04C18D25D1D0048D178 /* PBXContainerItemProxy */;
		};
/* End PBXTargetDependency section */

/* Begin PBXVariantGroup section */
		2CE2C03218D25D1D0048D178 /* InfoPlist.strings */ = {
			isa = PBXVariantGroup;
			children = (
				2CE2C03318D25D1D0048D178 /* en */,
			);
			name = InfoPlist.strings;
			sourceTree = "<group>";
		};
		2CE2C03B18D25D1D0048D178 /* Main.storyboard */ = {
			isa = PBXVariantGroup;
			children = (
				2CE2C03C18D25D1D0048D178 /* Base */,
			);
			name = Main.storyboard;
			sourceTree = "<group>";
		};
		2CE2C05118D25D1D0048D178 /* InfoPlist.strings */ = {
			isa = PBXVariantGroup;
			children = (
				2CE2C05218D25D1D0048D178 /* en */,
			);
			name = InfoPlist.strings;
			sourceTree = "<group>";
		};
/* End PBXVariantGroup section */

/* Begin XCBuildConfiguration section */
		2CE2C05618D25D1D0048D178 /* Debug */ = {
			isa = XCBuildConfiguration;
			buildSettings = {
				ALWAYS_SEARCH_USER_PATHS = NO;
				CLANG_CXX_LANGUAGE_STANDARD = "gnu++0x";
				CLANG_CXX_LIBRARY = "libc++";
				CLANG_ENABLE_MODULES = YES;
				CLANG_ENABLE_OBJC_ARC = YES;
				CLANG_WARN_BOOL_CONVERSION = YES;
				CLANG_WARN_CONSTANT_CONVERSION = YES;
				CLANG_WARN_DIRECT_OBJC_ISA_USAGE = YES_ERROR;
				CLANG_WARN_EMPTY_BODY = YES;
				CLANG_WARN_ENUM_CONVERSION = YES;
				CLANG_WARN_INT_CONVERSION = YES;
				CLANG_WARN_OBJC_ROOT_CLASS = YES_ERROR;
				CLANG_WARN__DUPLICATE_METHOD_MATCH = YES;
				"CODE_SIGN_IDENTITY[sdk=iphoneos*]" = "iPhone Developer";
				COPY_PHASE_STRIP = NO;
				GCC_C_LANGUAGE_STANDARD = gnu99;
				GCC_DYNAMIC_NO_PIC = NO;
				GCC_OPTIMIZATION_LEVEL = 0;
				GCC_PREPROCESSOR_DEFINITIONS = (
					"DEBUG=1",
					"$(inherited)",
				);
				GCC_SYMBOLS_PRIVATE_EXTERN = NO;
				GCC_WARN_64_TO_32_BIT_CONVERSION = YES;
				GCC_WARN_ABOUT_RETURN_TYPE = YES_ERROR;
				GCC_WARN_UNDECLARED_SELECTOR = YES;
				GCC_WARN_UNINITIALIZED_AUTOS = YES_AGGRESSIVE;
				GCC_WARN_UNUSED_FUNCTION = YES;
				GCC_WARN_UNUSED_VARIABLE = YES;
				IPHONEOS_DEPLOYMENT_TARGET = 7.1;
				ONLY_ACTIVE_ARCH = YES;
				SDKROOT = iphoneos;
			};
			name = Debug;
		};
		2CE2C05718D25D1D0048D178 /* Release */ = {
			isa = XCBuildConfiguration;
			buildSettings = {
				ALWAYS_SEARCH_USER_PATHS = NO;
				CLANG_CXX_LANGUAGE_STANDARD = "gnu++0x";
				CLANG_CXX_LIBRARY = "libc++";
				CLANG_ENABLE_MODULES = YES;
				CLANG_ENABLE_OBJC_ARC = YES;
				CLANG_WARN_BOOL_CONVERSION = YES;
				CLANG_WARN_CONSTANT_CONVERSION = YES;
				CLANG_WARN_DIRECT_OBJC_ISA_USAGE = YES_ERROR;
				CLANG_WARN_EMPTY_BODY = YES;
				CLANG_WARN_ENUM_CONVERSION = YES;
				CLANG_WARN_INT_CONVERSION = YES;
				CLANG_WARN_OBJC_ROOT_CLASS = YES_ERROR;
				CLANG_WARN__DUPLICATE_METHOD_MATCH = YES;
				"CODE_SIGN_IDENTITY[sdk=iphoneos*]" = "iPhone Developer";
				COPY_PHASE_STRIP = YES;
				ENABLE_NS_ASSERTIONS = NO;
				GCC_C_LANGUAGE_STANDARD = gnu99;
				GCC_WARN_64_TO_32_BIT_CONVERSION = YES;
				GCC_WARN_ABOUT_RETURN_TYPE = YES_ERROR;
				GCC_WARN_UNDECLARED_SELECTOR = YES;
				GCC_WARN_UNINITIALIZED_AUTOS = YES_AGGRESSIVE;
				GCC_WARN_UNUSED_FUNCTION = YES;
				GCC_WARN_UNUSED_VARIABLE = YES;
				IPHONEOS_DEPLOYMENT_TARGET = 7.1;
				SDKROOT = iphoneos;
				VALIDATE_PRODUCT = YES;
			};
			name = Release;
		};
		2CE2C05918D25D1D0048D178 /* Debug */ = {
			isa = XCBuildConfiguration;
			buildSettings = {
				ASSETCATALOG_COMPILER_APPICON_NAME = AppIcon;
				ASSETCATALOG_COMPILER_LAUNCHIMAGE_NAME = LaunchImage;
				GCC_PRECOMPILE_PREFIX_HEADER = YES;
				GCC_PREFIX_HEADER = "pong/pong-Prefix.pch";
				INFOPLIST_FILE = "pong/pong-Info.plist";
				PRODUCT_NAME = "$(TARGET_NAME)";
				WRAPPER_EXTENSION = app;
			};
			name = Debug;
		};
		2CE2C05A18D25D1D0048D178 /* Release */ = {
			isa = XCBuildConfiguration;
			buildSettings = {
				ASSETCATALOG_COMPILER_APPICON_NAME = AppIcon;
				ASSETCATALOG_COMPILER_LAUNCHIMAGE_NAME = LaunchImage;
				GCC_PRECOMPILE_PREFIX_HEADER = YES;
				GCC_PREFIX_HEADER = "pong/pong-Prefix.pch";
				INFOPLIST_FILE = "pong/pong-Info.plist";
				PRODUCT_NAME = "$(TARGET_NAME)";
				WRAPPER_EXTENSION = app;
			};
			name = Release;
		};
		2CE2C05C18D25D1D0048D178 /* Debug */ = {
			isa = XCBuildConfiguration;
			buildSettings = {
				BUNDLE_LOADER = "$(BUILT_PRODUCTS_DIR)/pong.app/pong";
				FRAMEWORK_SEARCH_PATHS = (
					"$(SDKROOT)/Developer/Library/Frameworks",
					"$(inherited)",
					"$(DEVELOPER_FRAMEWORKS_DIR)",
				);
				GCC_PRECOMPILE_PREFIX_HEADER = YES;
				GCC_PREFIX_HEADER = "pong/pong-Prefix.pch";
				GCC_PREPROCESSOR_DEFINITIONS = (
					"DEBUG=1",
					"$(inherited)",
				);
				INFOPLIST_FILE = "pongTests/pongTests-Info.plist";
				PRODUCT_NAME = "$(TARGET_NAME)";
				TEST_HOST = "$(BUNDLE_LOADER)";
				WRAPPER_EXTENSION = xctest;
			};
			name = Debug;
		};
		2CE2C05D18D25D1D0048D178 /* Release */ = {
			isa = XCBuildConfiguration;
			buildSettings = {
				BUNDLE_LOADER = "$(BUILT_PRODUCTS_DIR)/pong.app/pong";
				FRAMEWORK_SEARCH_PATHS = (
					"$(SDKROOT)/Developer/Library/Frameworks",
					"$(inherited)",
					"$(DEVELOPER_FRAMEWORKS_DIR)",
				);
				GCC_PRECOMPILE_PREFIX_HEADER = YES;
				GCC_PREFIX_HEADER = "pong/pong-Prefix.pch";
				INFOPLIST_FILE = "pongTests/pongTests-Info.plist";
				PRODUCT_NAME = "$(TARGET_NAME)";
				TEST_HOST = "$(BUNDLE_LOADER)";
				WRAPPER_EXTENSION = xctest;
			};
			name = Release;
		};
/* End XCBuildConfiguration section */

/* Begin XCConfigurationList section */
		2CE2C02118D25D1D0048D178 /* Build configuration list for PBXProject "pong" */ = {
			isa = XCConfigurationList;
			buildConfigurations = (
				2CE2C05618D25D1D0048D178 /* Debug */,
				2CE2C05718D25D1D0048D178 /* Release */,
			);
			defaultConfigurationIsVisible = 0;
			defaultConfigurationName = Release;
		};
		2CE2C05818D25D1D0048D178 /* Build configuration list for PBXNativeTarget "pong" */ = {
			isa = XCConfigurationList;
			buildConfigurations = (
				2CE2C05918D25D1D0048D178 /* Debug */,
				2CE2C05A18D25D1D0048D178 /* Release */,
			);
			defaultConfigurationIsVisible = 0;
		};
		2CE2C05B18D25D1D0048D178 /* Build configuration list for PBXNativeTarget "pongTests" */ = {
			isa = XCConfigurationList;
			buildConfigurations = (
				2CE2C05C18D25D1D0048D178 /* Debug */,
				2CE2C05D18D25D1D0048D178 /* Release */,
			);
			defaultConfigurationIsVisible = 0;
		};
/* End XCConfigurationList section */
	};
	rootObject = 2CE2C01E18D25D1D0048D178 /* Project object */;
}
